
Microsoft Visual Studio Solution File, Format Version 11.00
# Visual Studio 2010
Project("{FAE04EC0-301F-11D3-BF4B-00C04F79EFBC}") = "Assembly-CSharp", "Assembly-CSharp.csproj", "{d334fca5-f143-92a5-5b3f-d2ccb8e5fe48}"
EndProject
Global
	GlobalSection(SolutionConfigurationPlatforms) = preSolution
		Debug|Any CPU = Debug|Any CPU
		Release|Any CPU = Release|Any CPU
	EndGlobalSection
	GlobalSection(ProjectConfigurationPlatforms) = postSolution
		{d334fca5-f143-92a5-5b3f-d2ccb8e5fe48}.Debug|Any CPU.ActiveCfg = Debug|Any CPU
		{d334fca5-f143-92a5-5b3f-d2ccb8e5fe48}.Debug|Any CPU.Build.0 = Debug|Any CPU
		{d334fca5-f143-92a5-5b3f-d2ccb8e5fe48}.Release|Any CPU.ActiveCfg = Release|Any CPU
		{d334fca5-f143-92a5-5b3f-d2ccb8e5fe48}.Release|Any CPU.Build.0 = Release|Any CPU
	EndGlobalSection
	GlobalSection(SolutionProperties) = preSolution
		HideSolutionNode = FALSE
	EndGlobalSection
EndGlobal
